%{
  "gleam_stdlib": {:hex, :gleam_stdlib, "0.34.0", "c2dc3f09c39f09403bde518221fcf7027411e725148496562abf3a0d1c73b30d", [:gleam], [], "hexpm", "1fb8454d2991e9b4c0c804544d8a9ad0f6184725e20d63c3155f0aeb4230b016"},
  "gleeunit": {:hex, :gleeunit, "1.0.2", "18ac6607832620b85d90b9249a2f4f1a6968d951708b8092efef797c6e9997f7", [:gleam], [{:gleam_stdlib, "~> 0.32", [hex: :gleam_stdlib, repo: "hexpm", optional: false]}], "hexpm", "d364c87afeb26bdb4fb8a5abde67d635dc9fa52d6ab68416044c35b096c6882d"},
}
