%{
  "gleam_stdlib": {:hex, :gleam_stdlib, "0.30.2", "61b3ce61d93d0288bca5a64c2043ce482e9e3bb8775106f0ff395164f4a482bd", [:gleam], [], "hexpm", "8d8bf3790aa31176b1e1c0b517dd74c86da8235cf3389ea02043ee4fd82ae3dc"},
  "gleeunit": {:hex, :gleeunit, "0.11.0", "2008028d27f2fec9c055883a9f100dd1672584e583c7386ee67b5aeae263520f", [:gleam], [{:gleam_stdlib, "~> 0.27", [hex: :gleam_stdlib, repo: "hexpm", optional: false]}], "hexpm", "1397e5c4ac4108769ee979939ac39bf7870659c5afb714630deeee16b8272ad5"},
}
